gopkg.in/freeeve/uci.v1 v1.0.0-20160113194233-2365824b929d h1:S+XIjDIXojfrWs2v9BhkdvIjktYh6XdRZe3LPQTj5/0=
gopkg.in/freeeve/uci.v1 v1.0.0-20160113194233-2365824b929d/go.mod h1:zpECLMSAZT8pg7PaN5IpZqeC1iV+I4ADkIyudRSN4yg=
launchpad.net/gocheck v0.0.0-20140225173054-000000000087 h1:Izowp2XBH6Ya6rv+hqbceQyw/gSGoXfH/UPoTGduL54=
launchpad.net/gocheck v0.0.0-20140225173054-000000000087/go.mod h1:hj7XX3B/0A+80Vse0e+BUHsHMTEhd0O4cpUHr/e/BUM=
